
Microsoft Visual Studio Solution File, Format Version 12.00
# Visual Studio Version 16
VisualStudioVersion = 16.0.32929.386
MinimumVisualStudioVersion = 10.0.40219.1
Project("{FAE04EC0-301F-11D3-BF4B-00C04F79EFBC}") = "AppleWatch-Notes app", "AppleWatch-Notes app.csproj", "{E3BFEA2E-0241-4849-948F-4258C9B1ECBC}"
EndProject
Global
	GlobalSection(SolutionConfigurationPlatforms) = preSolution
		Debug|Any CPU = Debug|Any CPU
		Release|Any CPU = Release|Any CPU
	EndGlobalSection
	GlobalSection(ProjectConfigurationPlatforms) = postSolution
		{E3BFEA2E-0241-4849-948F-4258C9B1ECBC}.Debug|Any CPU.ActiveCfg = Debug|Any CPU
		{E3BFEA2E-0241-4849-948F-4258C9B1ECBC}.Debug|Any CPU.Build.0 = Debug|Any CPU
		{E3BFEA2E-0241-4849-948F-4258C9B1ECBC}.Release|Any CPU.ActiveCfg = Release|Any CPU
		{E3BFEA2E-0241-4849-948F-4258C9B1ECBC}.Release|Any CPU.Build.0 = Release|Any CPU
	EndGlobalSection
	GlobalSection(SolutionProperties) = preSolution
		HideSolutionNode = FALSE
	EndGlobalSection
	GlobalSection(ExtensibilityGlobals) = postSolution
		SolutionGuid = {57BEB385-A196-418E-AD9A-B3C5066F3DB3}
	EndGlobalSection
EndGlobal
